
Microsoft Visual Studio Solution File, Format Version 12.00
# Visual Studio 14
VisualStudioVersion = 14.0.25420.1
MinimumVisualStudioVersion = 10.0.40219.1
Project("{FAE04EC0-301F-11D3-BF4B-00C04F79EFBC}") = "VisualTypeDesignerApp", "VisualTypeDesignerApp\VisualTypeDesignerApp.csproj", "{A0FC57BB-22A5-4D4E-A92B-371DB95A93C5}"
EndProject
Project("{FAE04EC0-301F-11D3-BF4B-00C04F79EFBC}") = "SimpleCSharpApp", "SimpleCSharpApp\SimpleCSharpApp.csproj", "{844789A3-B472-49A6-9384-074DAE57B5FB}"
EndProject
Global
	GlobalSection(SolutionConfigurationPlatforms) = preSolution
		Debug|Any CPU = Debug|Any CPU
		Release|Any CPU = Release|Any CPU
	EndGlobalSection
	GlobalSection(ProjectConfigurationPlatforms) = postSolution
		{A0FC57BB-22A5-4D4E-A92B-371DB95A93C5}.Debug|Any CPU.ActiveCfg = Debug|Any CPU
		{A0FC57BB-22A5-4D4E-A92B-371DB95A93C5}.Debug|Any CPU.Build.0 = Debug|Any CPU
		{A0FC57BB-22A5-4D4E-A92B-371DB95A93C5}.Release|Any CPU.ActiveCfg = Release|Any CPU
		{A0FC57BB-22A5-4D4E-A92B-371DB95A93C5}.Release|Any CPU.Build.0 = Release|Any CPU
		{844789A3-B472-49A6-9384-074DAE57B5FB}.Debug|Any CPU.ActiveCfg = Debug|Any CPU
		{844789A3-B472-49A6-9384-074DAE57B5FB}.Debug|Any CPU.Build.0 = Debug|Any CPU
		{844789A3-B472-49A6-9384-074DAE57B5FB}.Release|Any CPU.ActiveCfg = Release|Any CPU
		{844789A3-B472-49A6-9384-074DAE57B5FB}.Release|Any CPU.Build.0 = Release|Any CPU
	EndGlobalSection
	GlobalSection(SolutionProperties) = preSolution
		HideSolutionNode = FALSE
	EndGlobalSection
EndGlobal
